
Microsoft Visual Studio Solution File, Format Version 12.00
# Visual Studio 15
VisualStudioVersion = 15.0.27705.2000
MinimumVisualStudioVersion = 10.0.40219.1
Project("{FAE04EC0-301F-11D3-BF4B-00C04F79EFBC}") = "XSnack.Sample.Android", "XSnack.Sample\XSnack.Sample.Android\XSnack.Sample.Android.csproj", "{00732D38-A12E-4488-9C4E-F1D08C4C9520}"
EndProject
Project("{FAE04EC0-301F-11D3-BF4B-00C04F79EFBC}") = "XSnack.Sample.iOS", "XSnack.Sample\XSnack.Sample.iOS\XSnack.Sample.iOS.csproj", "{450CDAC4-C76A-4F92-91C9-43F180DD7065}"
EndProject
Project("{FAE04EC0-301F-11D3-BF4B-00C04F79EFBC}") = "XSnack.Sample.UWP", "XSnack.Sample\XSnack.Sample.UWP\XSnack.Sample.UWP.csproj", "{E5AAE1B3-7429-4E43-96FD-8FA188A804AC}"
EndProject
Project("{9A19103F-16F7-4668-BE54-9A1E7A4F7556}") = "XSnack.Sample", "XSnack.Sample\XSnack.Sample\XSnack.Sample.csproj", "{78D32744-823F-4AD8-B26C-8032780FFA94}"
EndProject
Project("{2150E333-8FDC-42A3-9474-1A3956D46DE8}") = "Solution Items", "Solution Items", "{A76A0FC9-B826-44D8-A748-5E645390F20C}"
	ProjectSection(SolutionItems) = preProject
		.nuget\NuGet.config = .nuget\NuGet.config
		.nuget\NuGet.targets = .nuget\NuGet.targets
	EndProjectSection
EndProject
Project("{9A19103F-16F7-4668-BE54-9A1E7A4F7556}") = "XSnack", "..\XSnack\XSnack.csproj", "{0FCDB279-3CA4-4E07-8CE8-87BE0359D08A}"
EndProject
Global
	GlobalSection(SolutionConfigurationPlatforms) = preSolution
		Ad-Hoc|Any CPU = Ad-Hoc|Any CPU
		Ad-Hoc|ARM = Ad-Hoc|ARM
		Ad-Hoc|iPhone = Ad-Hoc|iPhone
		Ad-Hoc|iPhoneSimulator = Ad-Hoc|iPhoneSimulator
		Ad-Hoc|x64 = Ad-Hoc|x64
		Ad-Hoc|x86 = Ad-Hoc|x86
		AppStore|Any CPU = AppStore|Any CPU
		AppStore|ARM = AppStore|ARM
		AppStore|iPhone = AppStore|iPhone
		AppStore|iPhoneSimulator = AppStore|iPhoneSimulator
		AppStore|x64 = AppStore|x64
		AppStore|x86 = AppStore|x86
		Debug|Any CPU = Debug|Any CPU
		Debug|ARM = Debug|ARM
		Debug|iPhone = Debug|iPhone
		Debug|iPhoneSimulator = Debug|iPhoneSimulator
		Debug|x64 = Debug|x64
		Debug|x86 = Debug|x86
		Release|Any CPU = Release|Any CPU
		Release|ARM = Release|ARM
		Release|iPhone = Release|iPhone
		Release|iPhoneSimulator = Release|iPhoneSimulator
		Release|x64 = Release|x64
		Release|x86 = Release|x86
	EndGlobalSection
	GlobalSection(ProjectConfigurationPlatforms) = postSolution
		{00732D38-A12E-4488-9C4E-F1D08C4C9520}.Ad-Hoc|Any CPU.ActiveCfg = Release|Any CPU
		{00732D38-A12E-4488-9C4E-F1D08C4C9520}.Ad-Hoc|Any CPU.Build.0 = Release|Any CPU
		{00732D38-A12E-4488-9C4E-F1D08C4C9520}.Ad-Hoc|Any CPU.Deploy.0 = Release|Any CPU
		{00732D38-A12E-4488-9C4E-F1D08C4C9520}.Ad-Hoc|ARM.ActiveCfg = Release|Any CPU
		{00732D38-A12E-4488-9C4E-F1D08C4C9520}.Ad-Hoc|ARM.Build.0 = Release|Any CPU
		{00732D38-A12E-4488-9C4E-F1D08C4C9520}.Ad-Hoc|ARM.Deploy.0 = Release|Any CPU
		{00732D38-A12E-4488-9C4E-F1D08C4C9520}.Ad-Hoc|iPhone.ActiveCfg = Release|Any CPU
		{00732D38-A12E-4488-9C4E-F1D08C4C9520}.Ad-Hoc|iPhone.Build.0 = Release|Any CPU
		{00732D38-A12E-4488-9C4E-F1D08C4C9520}.Ad-Hoc|iPhone.Deploy.0 = Release|Any CPU
		{00732D38-A12E-4488-9C4E-F1D08C4C9520}.Ad-Hoc|iPhoneSimulator.ActiveCfg = Release|Any CPU
		{00732D38-A12E-4488-9C4E-F1D08C4C9520}.Ad-Hoc|iPhoneSimulator.Build.0 = Release|Any CPU
		{00732D38-A12E-4488-9C4E-F1D08C4C9520}.Ad-Hoc|iPhoneSimulator.Deploy.0 = Release|Any CPU
		{00732D38-A12E-4488-9C4E-F1D08C4C9520}.Ad-Hoc|x64.ActiveCfg = Release|Any CPU
		{00732D38-A12E-4488-9C4E-F1D08C4C9520}.Ad-Hoc|x64.Build.0 = Release|Any CPU
		{00732D38-A12E-4488-9C4E-F1D08C4C9520}.Ad-Hoc|x64.Deploy.0 = Release|Any CPU
		{00732D38-A12E-4488-9C4E-F1D08C4C9520}.Ad-Hoc|x86.ActiveCfg = Release|Any CPU
		{00732D38-A12E-4488-9C4E-F1D08C4C9520}.Ad-Hoc|x86.Build.0 = Release|Any CPU
		{00732D38-A12E-4488-9C4E-F1D08C4C9520}.Ad-Hoc|x86.Deploy.0 = Release|Any CPU
		{00732D38-A12E-4488-9C4E-F1D08C4C9520}.AppStore|Any CPU.ActiveCfg = Release|Any CPU
		{00732D38-A12E-4488-9C4E-F1D08C4C9520}.AppStore|Any CPU.Build.0 = Release|Any CPU
		{00732D38-A12E-4488-9C4E-F1D08C4C9520}.AppStore|Any CPU.Deploy.0 = Release|Any CPU
		{00732D38-A12E-4488-9C4E-F1D08C4C9520}.AppStore|ARM.ActiveCfg = Release|Any CPU
		{00732D38-A12E-4488-9C4E-F1D08C4C9520}.AppStore|ARM.Build.0 = Release|Any CPU
		{00732D38-A12E-4488-9C4E-F1D08C4C9520}.AppStore|ARM.Deploy.0 = Release|Any CPU
		{00732D38-A12E-4488-9C4E-F1D08C4C9520}.AppStore|iPhone.ActiveCfg = Release|Any CPU
		{00732D38-A12E-4488-9C4E-F1D08C4C9520}.AppStore|iPhone.Build.0 = Release|Any CPU
		{00732D38-A12E-4488-9C4E-F1D08C4C9520}.AppStore|iPhone.Deploy.0 = Release|Any CPU
		{00732D38-A12E-4488-9C4E-F1D08C4C9520}.AppStore|iPhoneSimulator.ActiveCfg = Release|Any CPU
		{00732D38-A12E-4488-9C4E-F1D08C4C9520}.AppStore|iPhoneSimulator.Build.0 = Release|Any CPU
		{00732D38-A12E-4488-9C4E-F1D08C4C9520}.AppStore|iPhoneSimulator.Deploy.0 = Release|Any CPU
		{00732D38-A12E-4488-9C4E-F1D08C4C9520}.AppStore|x64.ActiveCfg = Release|Any CPU
		{00732D38-A12E-4488-9C4E-F1D08C4C9520}.AppStore|x64.Build.0 = Release|Any CPU
		{00732D38-A12E-4488-9C4E-F1D08C4C9520}.AppStore|x64.Deploy.0 = Release|Any CPU
		{00732D38-A12E-4488-9C4E-F1D08C4C9520}.AppStore|x86.ActiveCfg = Release|Any CPU
		{00732D38-A12E-4488-9C4E-F1D08C4C9520}.AppStore|x86.Build.0 = Release|Any CPU
		{00732D38-A12E-4488-9C4E-F1D08C4C9520}.AppStore|x86.Deploy.0 = Release|Any CPU
		{00732D38-A12E-4488-9C4E-F1D08C4C9520}.Debug|Any CPU.ActiveCfg = Debug|Any CPU
		{00732D38-A12E-4488-9C4E-F1D08C4C9520}.Debug|Any CPU.Build.0 = Debug|Any CPU
		{00732D38-A12E-4488-9C4E-F1D08C4C9520}.Debug|Any CPU.Deploy.0 = Debug|Any CPU
		{00732D38-A12E-4488-9C4E-F1D08C4C9520}.Debug|ARM.ActiveCfg = Debug|Any CPU
		{00732D38-A12E-4488-9C4E-F1D08C4C9520}.Debug|ARM.Build.0 = Debug|Any CPU
		{00732D38-A12E-4488-9C4E-F1D08C4C9520}.Debug|ARM.Deploy.0 = Debug|Any CPU
		{00732D38-A12E-4488-9C4E-F1D08C4C9520}.Debug|iPhone.ActiveCfg = Debug|Any CPU
		{00732D38-A12E-4488-9C4E-F1D08C4C9520}.Debug|iPhone.Build.0 = Debug|Any CPU
		{00732D38-A12E-4488-9C4E-F1D08C4C9520}.Debug|iPhone.Deploy.0 = Debug|Any CPU
		{00732D38-A12E-4488-9C4E-F1D08C4C9520}.Debug|iPhoneSimulator.ActiveCfg = Debug|Any CPU
		{00732D38-A12E-4488-9C4E-F1D08C4C9520}.Debug|iPhoneSimulator.Build.0 = Debug|Any CPU
		{00732D38-A12E-4488-9C4E-F1D08C4C9520}.Debug|iPhoneSimulator.Deploy.0 = Debug|Any CPU
		{00732D38-A12E-4488-9C4E-F1D08C4C9520}.Debug|x64.ActiveCfg = Debug|Any CPU
		{00732D38-A12E-4488-9C4E-F1D08C4C9520}.Debug|x64.Build.0 = Debug|Any CPU
		{00732D38-A12E-4488-9C4E-F1D08C4C9520}.Debug|x64.Deploy.0 = Debug|Any CPU
		{00732D38-A12E-4488-9C4E-F1D08C4C9520}.Debug|x86.ActiveCfg = Debug|Any CPU
		{00732D38-A12E-4488-9C4E-F1D08C4C9520}.Debug|x86.Build.0 = Debug|Any CPU
		{00732D38-A12E-4488-9C4E-F1D08C4C9520}.Debug|x86.Deploy.0 = Debug|Any CPU
		{00732D38-A12E-4488-9C4E-F1D08C4C9520}.Release|Any CPU.ActiveCfg = Release|Any CPU
		{00732D38-A12E-4488-9C4E-F1D08C4C9520}.Release|Any CPU.Build.0 = Release|Any CPU
		{00732D38-A12E-4488-9C4E-F1D08C4C9520}.Release|Any CPU.Deploy.0 = Release|Any CPU
		{00732D38-A12E-4488-9C4E-F1D08C4C9520}.Release|ARM.ActiveCfg = Release|Any CPU
		{00732D38-A12E-4488-9C4E-F1D08C4C9520}.Release|ARM.Build.0 = Release|Any CPU
		{00732D38-A12E-4488-9C4E-F1D08C4C9520}.Release|ARM.Deploy.0 = Release|Any CPU
		{00732D38-A12E-4488-9C4E-F1D08C4C9520}.Release|iPhone.ActiveCfg = Release|Any CPU
		{00732D38-A12E-4488-9C4E-F1D08C4C9520}.Release|iPhone.Build.0 = Release|Any CPU
		{00732D38-A12E-4488-9C4E-F1D08C4C9520}.Release|iPhone.Deploy.0 = Release|Any CPU
		{00732D38-A12E-4488-9C4E-F1D08C4C9520}.Release|iPhoneSimulator.ActiveCfg = Release|Any CPU
		{00732D38-A12E-4488-9C4E-F1D08C4C9520}.Release|iPhoneSimulator.Build.0 = Release|Any CPU
		{00732D38-A12E-4488-9C4E-F1D08C4C9520}.Release|iPhoneSimulator.Deploy.0 = Release|Any CPU
		{00732D38-A12E-4488-9C4E-F1D08C4C9520}.Release|x64.ActiveCfg = Release|Any CPU
		{00732D38-A12E-4488-9C4E-F1D08C4C9520}.Release|x64.Build.0 = Release|Any CPU
		{00732D38-A12E-4488-9C4E-F1D08C4C9520}.Release|x64.Deploy.0 = Release|Any CPU
		{00732D38-A12E-4488-9C4E-F1D08C4C9520}.Release|x86.ActiveCfg = Release|Any CPU
		{00732D38-A12E-4488-9C4E-F1D08C4C9520}.Release|x86.Build.0 = Release|Any CPU
		{00732D38-A12E-4488-9C4E-F1D08C4C9520}.Release|x86.Deploy.0 = Release|Any CPU
		{450CDAC4-C76A-4F92-91C9-43F180DD7065}.Ad-Hoc|Any CPU.ActiveCfg = Ad-Hoc|iPhone
		{450CDAC4-C76A-4F92-91C9-43F180DD7065}.Ad-Hoc|Any CPU.Build.0 = Ad-Hoc|iPhone
		{450CDAC4-C76A-4F92-91C9-43F180DD7065}.Ad-Hoc|Any CPU.Deploy.0 = Ad-Hoc|iPhone
		{450CDAC4-C76A-4F92-91C9-43F180DD7065}.Ad-Hoc|ARM.ActiveCfg = Ad-Hoc|iPhone
		{450CDAC4-C76A-4F92-91C9-43F180DD7065}.Ad-Hoc|ARM.Build.0 = Ad-Hoc|iPhone
		{450CDAC4-C76A-4F92-91C9-43F180DD7065}.Ad-Hoc|ARM.Deploy.0 = Ad-Hoc|iPhone
		{450CDAC4-C76A-4F92-91C9-43F180DD7065}.Ad-Hoc|iPhone.ActiveCfg = Ad-Hoc|iPhone
		{450CDAC4-C76A-4F92-91C9-43F180DD7065}.Ad-Hoc|iPhone.Build.0 = Ad-Hoc|iPhone
		{450CDAC4-C76A-4F92-91C9-43F180DD7065}.Ad-Hoc|iPhone.Deploy.0 = Ad-Hoc|iPhone
		{450CDAC4-C76A-4F92-91C9-43F180DD7065}.Ad-Hoc|iPhoneSimulator.ActiveCfg = Ad-Hoc|iPhoneSimulator
		{450CDAC4-C76A-4F92-91C9-43F180DD7065}.Ad-Hoc|iPhoneSimulator.Build.0 = Ad-Hoc|iPhoneSimulator
		{450CDAC4-C76A-4F92-91C9-43F180DD7065}.Ad-Hoc|iPhoneSimulator.Deploy.0 = Ad-Hoc|iPhoneSimulator
		{450CDAC4-C76A-4F92-91C9-43F180DD7065}.Ad-Hoc|x64.ActiveCfg = Ad-Hoc|iPhone
		{450CDAC4-C76A-4F92-91C9-43F180DD7065}.Ad-Hoc|x64.Build.0 = Ad-Hoc|iPhone
		{450CDAC4-C76A-4F92-91C9-43F180DD7065}.Ad-Hoc|x64.Deploy.0 = Ad-Hoc|iPhone
		{450CDAC4-C76A-4F92-91C9-43F180DD7065}.Ad-Hoc|x86.ActiveCfg = Ad-Hoc|iPhone
		{450CDAC4-C76A-4F92-91C9-43F180DD7065}.Ad-Hoc|x86.Build.0 = Ad-Hoc|iPhone
		{450CDAC4-C76A-4F92-91C9-43F180DD7065}.Ad-Hoc|x86.Deploy.0 = Ad-Hoc|iPhone
		{450CDAC4-C76A-4F92-91C9-43F180DD7065}.AppStore|Any CPU.ActiveCfg = AppStore|iPhone
		{450CDAC4-C76A-4F92-91C9-43F180DD7065}.AppStore|Any CPU.Build.0 = AppStore|iPhone
		{450CDAC4-C76A-4F92-91C9-43F180DD7065}.AppStore|Any CPU.Deploy.0 = AppStore|iPhone
		{450CDAC4-C76A-4F92-91C9-43F180DD7065}.AppStore|ARM.ActiveCfg = AppStore|iPhone
		{450CDAC4-C76A-4F92-91C9-43F180DD7065}.AppStore|ARM.Build.0 = AppStore|iPhone
		{450CDAC4-C76A-4F92-91C9-43F180DD7065}.AppStore|ARM.Deploy.0 = AppStore|iPhone
		{450CDAC4-C76A-4F92-91C9-43F180DD7065}.AppStore|iPhone.ActiveCfg = AppStore|iPhone
		{450CDAC4-C76A-4F92-91C9-43F180DD7065}.AppStore|iPhone.Build.0 = AppStore|iPhone
		{450CDAC4-C76A-4F92-91C9-43F180DD7065}.AppStore|iPhone.Deploy.0 = AppStore|iPhone
		{450CDAC4-C76A-4F92-91C9-43F180DD7065}.AppStore|iPhoneSimulator.ActiveCfg = AppStore|iPhoneSimulator
		{450CDAC4-C76A-4F92-91C9-43F180DD7065}.AppStore|iPhoneSimulator.Build.0 = AppStore|iPhoneSimulator
		{450CDAC4-C76A-4F92-91C9-43F180DD7065}.AppStore|iPhoneSimulator.Deploy.0 = AppStore|iPhoneSimulator
		{450CDAC4-C76A-4F92-91C9-43F180DD7065}.AppStore|x64.ActiveCfg = AppStore|iPhone
		{450CDAC4-C76A-4F92-91C9-43F180DD7065}.AppStore|x64.Build.0 = AppStore|iPhone
		{450CDAC4-C76A-4F92-91C9-43F180DD7065}.AppStore|x64.Deploy.0 = AppStore|iPhone
		{450CDAC4-C76A-4F92-91C9-43F180DD7065}.AppStore|x86.ActiveCfg = AppStore|iPhone
		{450CDAC4-C76A-4F92-91C9-43F180DD7065}.AppStore|x86.Build.0 = AppStore|iPhone
		{450CDAC4-C76A-4F92-91C9-43F180DD7065}.AppStore|x86.Deploy.0 = AppStore|iPhone
		{450CDAC4-C76A-4F92-91C9-43F180DD7065}.Debug|Any CPU.ActiveCfg = Debug|iPhoneSimulator
		{450CDAC4-C76A-4F92-91C9-43F180DD7065}.Debug|Any CPU.Build.0 = Debug|iPhoneSimulator
		{450CDAC4-C76A-4F92-91C9-43F180DD7065}.Debug|Any CPU.Deploy.0 = Debug|iPhoneSimulator
		{450CDAC4-C76A-4F92-91C9-43F180DD7065}.Debug|ARM.ActiveCfg = Debug|iPhone
		{450CDAC4-C76A-4F92-91C9-43F180DD7065}.Debug|ARM.Build.0 = Debug|iPhone
		{450CDAC4-C76A-4F92-91C9-43F180DD7065}.Debug|ARM.Deploy.0 = Debug|iPhone
		{450CDAC4-C76A-4F92-91C9-43F180DD7065}.Debug|iPhone.ActiveCfg = Debug|iPhone
		{450CDAC4-C76A-4F92-91C9-43F180DD7065}.Debug|iPhone.Build.0 = Debug|iPhone
		{450CDAC4-C76A-4F92-91C9-43F180DD7065}.Debug|iPhone.Deploy.0 = Debug|iPhone
		{450CDAC4-C76A-4F92-91C9-43F180DD7065}.Debug|iPhoneSimulator.ActiveCfg = Debug|iPhoneSimulator
		{450CDAC4-C76A-4F92-91C9-43F180DD7065}.Debug|iPhoneSimulator.Build.0 = Debug|iPhoneSimulator
		{450CDAC4-C76A-4F92-91C9-43F180DD7065}.Debug|iPhoneSimulator.Deploy.0 = Debug|iPhoneSimulator
		{450CDAC4-C76A-4F92-91C9-43F180DD7065}.Debug|x64.ActiveCfg = Debug|iPhone
		{450CDAC4-C76A-4F92-91C9-43F180DD7065}.Debug|x64.Build.0 = Debug|iPhone
		{450CDAC4-C76A-4F92-91C9-43F180DD7065}.Debug|x64.Deploy.0 = Debug|iPhone
		{450CDAC4-C76A-4F92-91C9-43F180DD7065}.Debug|x86.ActiveCfg = Debug|iPhone
		{450CDAC4-C76A-4F92-91C9-43F180DD7065}.Debug|x86.Build.0 = Debug|iPhone
		{450CDAC4-C76A-4F92-91C9-43F180DD7065}.Debug|x86.Deploy.0 = Debug|iPhone
		{450CDAC4-C76A-4F92-91C9-43F180DD7065}.Release|Any CPU.ActiveCfg = Release|iPhone
		{450CDAC4-C76A-4F92-91C9-43F180DD7065}.Release|Any CPU.Build.0 = Release|iPhone
		{450CDAC4-C76A-4F92-91C9-43F180DD7065}.Release|Any CPU.Deploy.0 = Release|iPhone
		{450CDAC4-C76A-4F92-91C9-43F180DD7065}.Release|ARM.ActiveCfg = Release|iPhone
		{450CDAC4-C76A-4F92-91C9-43F180DD7065}.Release|ARM.Build.0 = Release|iPhone
		{450CDAC4-C76A-4F92-91C9-43F180DD7065}.Release|ARM.Deploy.0 = Release|iPhone
		{450CDAC4-C76A-4F92-91C9-43F180DD7065}.Release|iPhone.ActiveCfg = Release|iPhone
		{450CDAC4-C76A-4F92-91C9-43F180DD7065}.Release|iPhone.Build.0 = Release|iPhone
		{450CDAC4-C76A-4F92-91C9-43F180DD7065}.Release|iPhone.Deploy.0 = Release|iPhone
		{450CDAC4-C76A-4F92-91C9-43F180DD7065}.Release|iPhoneSimulator.ActiveCfg = Release|iPhoneSimulator
		{450CDAC4-C76A-4F92-91C9-43F180DD7065}.Release|iPhoneSimulator.Build.0 = Release|iPhoneSimulator
		{450CDAC4-C76A-4F92-91C9-43F180DD7065}.Release|iPhoneSimulator.Deploy.0 = Release|iPhoneSimulator
		{450CDAC4-C76A-4F92-91C9-43F180DD7065}.Release|x64.ActiveCfg = Release|iPhone
		{450CDAC4-C76A-4F92-91C9-43F180DD7065}.Release|x64.Build.0 = Release|iPhone
		{450CDAC4-C76A-4F92-91C9-43F180DD7065}.Release|x64.Deploy.0 = Release|iPhone
		{450CDAC4-C76A-4F92-91C9-43F180DD7065}.Release|x86.ActiveCfg = Release|iPhone
		{450CDAC4-C76A-4F92-91C9-43F180DD7065}.Release|x86.Build.0 = Release|iPhone
		{450CDAC4-C76A-4F92-91C9-43F180DD7065}.Release|x86.Deploy.0 = Release|iPhone
		{E5AAE1B3-7429-4E43-96FD-8FA188A804AC}.Ad-Hoc|Any CPU.ActiveCfg = Release|x86
		{E5AAE1B3-7429-4E43-96FD-8FA188A804AC}.Ad-Hoc|Any CPU.Build.0 = Release|x86
		{E5AAE1B3-7429-4E43-96FD-8FA188A804AC}.Ad-Hoc|Any CPU.Deploy.0 = Release|x86
		{E5AAE1B3-7429-4E43-96FD-8FA188A804AC}.Ad-Hoc|ARM.ActiveCfg = Release|ARM
		{E5AAE1B3-7429-4E43-96FD-8FA188A804AC}.Ad-Hoc|ARM.Build.0 = Release|ARM
		{E5AAE1B3-7429-4E43-96FD-8FA188A804AC}.Ad-Hoc|ARM.Deploy.0 = Release|ARM
		{E5AAE1B3-7429-4E43-96FD-8FA188A804AC}.Ad-Hoc|iPhone.ActiveCfg = Release|x86
		{E5AAE1B3-7429-4E43-96FD-8FA188A804AC}.Ad-Hoc|iPhone.Build.0 = Release|x86
		{E5AAE1B3-7429-4E43-96FD-8FA188A804AC}.Ad-Hoc|iPhone.Deploy.0 = Release|x86
		{E5AAE1B3-7429-4E43-96FD-8FA188A804AC}.Ad-Hoc|iPhoneSimulator.ActiveCfg = Release|x86
		{E5AAE1B3-7429-4E43-96FD-8FA188A804AC}.Ad-Hoc|iPhoneSimulator.Build.0 = Release|x86
		{E5AAE1B3-7429-4E43-96FD-8FA188A804AC}.Ad-Hoc|iPhoneSimulator.Deploy.0 = Release|x86
		{E5AAE1B3-7429-4E43-96FD-8FA188A804AC}.Ad-Hoc|x64.ActiveCfg = Release|x64
		{E5AAE1B3-7429-4E43-96FD-8FA188A804AC}.Ad-Hoc|x64.Build.0 = Release|x64
		{E5AAE1B3-7429-4E43-96FD-8FA188A804AC}.Ad-Hoc|x64.Deploy.0 = Release|x64
		{E5AAE1B3-7429-4E43-96FD-8FA188A804AC}.Ad-Hoc|x86.ActiveCfg = Release|x86
		{E5AAE1B3-7429-4E43-96FD-8FA188A804AC}.Ad-Hoc|x86.Build.0 = Release|x86
		{E5AAE1B3-7429-4E43-96FD-8FA188A804AC}.Ad-Hoc|x86.Deploy.0 = Release|x86
		{E5AAE1B3-7429-4E43-96FD-8FA188A804AC}.AppStore|Any CPU.ActiveCfg = Release|x86
		{E5AAE1B3-7429-4E43-96FD-8FA188A804AC}.AppStore|Any CPU.Build.0 = Release|x86
		{E5AAE1B3-7429-4E43-96FD-8FA188A804AC}.AppStore|Any CPU.Deploy.0 = Release|x86
		{E5AAE1B3-7429-4E43-96FD-8FA188A804AC}.AppStore|ARM.ActiveCfg = Release|ARM
		{E5AAE1B3-7429-4E43-96FD-8FA188A804AC}.AppStore|ARM.Build.0 = Release|ARM
		{E5AAE1B3-7429-4E43-96FD-8FA188A804AC}.AppStore|ARM.Deploy.0 = Release|ARM
		{E5AAE1B3-7429-4E43-96FD-8FA188A804AC}.AppStore|iPhone.ActiveCfg = Release|x86
		{E5AAE1B3-7429-4E43-96FD-8FA188A804AC}.AppStore|iPhone.Build.0 = Release|x86
		{E5AAE1B3-7429-4E43-96FD-8FA188A804AC}.AppStore|iPhone.Deploy.0 = Release|x86
		{E5AAE1B3-7429-4E43-96FD-8FA188A804AC}.AppStore|iPhoneSimulator.ActiveCfg = Release|x86
		{E5AAE1B3-7429-4E43-96FD-8FA188A804AC}.AppStore|iPhoneSimulator.Build.0 = Release|x86
		{E5AAE1B3-7429-4E43-96FD-8FA188A804AC}.AppStore|iPhoneSimulator.Deploy.0 = Release|x86
		{E5AAE1B3-7429-4E43-96FD-8FA188A804AC}.AppStore|x64.ActiveCfg = Release|x64
		{E5AAE1B3-7429-4E43-96FD-8FA188A804AC}.AppStore|x64.Build.0 = Release|x64
		{E5AAE1B3-7429-4E43-96FD-8FA188A804AC}.AppStore|x64.Deploy.0 = Release|x64
		{E5AAE1B3-7429-4E43-96FD-8FA188A804AC}.AppStore|x86.ActiveCfg = Release|x86
		{E5AAE1B3-7429-4E43-96FD-8FA188A804AC}.AppStore|x86.Build.0 = Release|x86
		{E5AAE1B3-7429-4E43-96FD-8FA188A804AC}.AppStore|x86.Deploy.0 = Release|x86
		{E5AAE1B3-7429-4E43-96FD-8FA188A804AC}.Debug|Any CPU.ActiveCfg = Debug|x86
		{E5AAE1B3-7429-4E43-96FD-8FA188A804AC}.Debug|Any CPU.Build.0 = Debug|x86
		{E5AAE1B3-7429-4E43-96FD-8FA188A804AC}.Debug|Any CPU.Deploy.0 = Debug|x86
		{E5AAE1B3-7429-4E43-96FD-8FA188A804AC}.Debug|ARM.ActiveCfg = Debug|ARM
		{E5AAE1B3-7429-4E43-96FD-8FA188A804AC}.Debug|ARM.Build.0 = Debug|ARM
		{E5AAE1B3-7429-4E43-96FD-8FA188A804AC}.Debug|ARM.Deploy.0 = Debug|ARM
		{E5AAE1B3-7429-4E43-96FD-8FA188A804AC}.Debug|iPhone.ActiveCfg = Debug|x86
		{E5AAE1B3-7429-4E43-96FD-8FA188A804AC}.Debug|iPhone.Build.0 = Debug|x86
		{E5AAE1B3-7429-4E43-96FD-8FA188A804AC}.Debug|iPhone.Deploy.0 = Debug|x86
		{E5AAE1B3-7429-4E43-96FD-8FA188A804AC}.Debug|iPhoneSimulator.ActiveCfg = Debug|x86
		{E5AAE1B3-7429-4E43-96FD-8FA188A804AC}.Debug|iPhoneSimulator.Build.0 = Debug|x86
		{E5AAE1B3-7429-4E43-96FD-8FA188A804AC}.Debug|iPhoneSimulator.Deploy.0 = Debug|x86
		{E5AAE1B3-7429-4E43-96FD-8FA188A804AC}.Debug|x64.ActiveCfg = Debug|x64
		{E5AAE1B3-7429-4E43-96FD-8FA188A804AC}.Debug|x64.Build.0 = Debug|x64
		{E5AAE1B3-7429-4E43-96FD-8FA188A804AC}.Debug|x64.Deploy.0 = Debug|x64
		{E5AAE1B3-7429-4E43-96FD-8FA188A804AC}.Debug|x86.ActiveCfg = Debug|x86
		{E5AAE1B3-7429-4E43-96FD-8FA188A804AC}.Debug|x86.Build.0 = Debug|x86
		{E5AAE1B3-7429-4E43-96FD-8FA188A804AC}.Debug|x86.Deploy.0 = Debug|x86
		{E5AAE1B3-7429-4E43-96FD-8FA188A804AC}.Release|Any CPU.ActiveCfg = Release|x86
		{E5AAE1B3-7429-4E43-96FD-8FA188A804AC}.Release|Any CPU.Build.0 = Release|x86
		{E5AAE1B3-7429-4E43-96FD-8FA188A804AC}.Release|Any CPU.Deploy.0 = Release|x86
		{E5AAE1B3-7429-4E43-96FD-8FA188A804AC}.Release|ARM.ActiveCfg = Release|ARM
		{E5AAE1B3-7429-4E43-96FD-8FA188A804AC}.Release|ARM.Build.0 = Release|ARM
		{E5AAE1B3-7429-4E43-96FD-8FA188A804AC}.Release|ARM.Deploy.0 = Release|ARM
		{E5AAE1B3-7429-4E43-96FD-8FA188A804AC}.Release|iPhone.ActiveCfg = Release|x86
		{E5AAE1B3-7429-4E43-96FD-8FA188A804AC}.Release|iPhone.Build.0 = Release|x86
		{E5AAE1B3-7429-4E43-96FD-8FA188A804AC}.Release|iPhone.Deploy.0 = Release|x86
		{E5AAE1B3-7429-4E43-96FD-8FA188A804AC}.Release|iPhoneSimulator.ActiveCfg = Release|x86
		{E5AAE1B3-7429-4E43-96FD-8FA188A804AC}.Release|iPhoneSimulator.Build.0 = Release|x86
		{E5AAE1B3-7429-4E43-96FD-8FA188A804AC}.Release|iPhoneSimulator.Deploy.0 = Release|x86
		{E5AAE1B3-7429-4E43-96FD-8FA188A804AC}.Release|x64.ActiveCfg = Release|x64
		{E5AAE1B3-7429-4E43-96FD-8FA188A804AC}.Release|x64.Build.0 = Release|x64
		{E5AAE1B3-7429-4E43-96FD-8FA188A804AC}.Release|x64.Deploy.0 = Release|x64
		{E5AAE1B3-7429-4E43-96FD-8FA188A804AC}.Release|x86.ActiveCfg = Release|x86
		{E5AAE1B3-7429-4E43-96FD-8FA188A804AC}.Release|x86.Build.0 = Release|x86
		{E5AAE1B3-7429-4E43-96FD-8FA188A804AC}.Release|x86.Deploy.0 = Release|x86
		{78D32744-823F-4AD8-B26C-8032780FFA94}.Ad-Hoc|Any CPU.ActiveCfg = Debug|Any CPU
		{78D32744-823F-4AD8-B26C-8032780FFA94}.Ad-Hoc|Any CPU.Build.0 = Debug|Any CPU
		{78D32744-823F-4AD8-B26C-8032780FFA94}.Ad-Hoc|Any CPU.Deploy.0 = Debug|Any CPU
		{78D32744-823F-4AD8-B26C-8032780FFA94}.Ad-Hoc|ARM.ActiveCfg = Debug|Any CPU
		{78D32744-823F-4AD8-B26C-8032780FFA94}.Ad-Hoc|ARM.Build.0 = Debug|Any CPU
		{78D32744-823F-4AD8-B26C-8032780FFA94}.Ad-Hoc|ARM.Deploy.0 = Debug|Any CPU
		{78D32744-823F-4AD8-B26C-8032780FFA94}.Ad-Hoc|iPhone.ActiveCfg = Debug|Any CPU
		{78D32744-823F-4AD8-B26C-8032780FFA94}.Ad-Hoc|iPhone.Build.0 = Debug|Any CPU
		{78D32744-823F-4AD8-B26C-8032780FFA94}.Ad-Hoc|iPhone.Deploy.0 = Debug|Any CPU
		{78D32744-823F-4AD8-B26C-8032780FFA94}.Ad-Hoc|iPhoneSimulator.ActiveCfg = Debug|Any CPU
		{78D32744-823F-4AD8-B26C-8032780FFA94}.Ad-Hoc|iPhoneSimulator.Build.0 = Debug|Any CPU
		{78D32744-823F-4AD8-B26C-8032780FFA94}.Ad-Hoc|iPhoneSimulator.Deploy.0 = Debug|Any CPU
		{78D32744-823F-4AD8-B26C-8032780FFA94}.Ad-Hoc|x64.ActiveCfg = Debug|Any CPU
		{78D32744-823F-4AD8-B26C-8032780FFA94}.Ad-Hoc|x64.Build.0 = Debug|Any CPU
		{78D32744-823F-4AD8-B26C-8032780FFA94}.Ad-Hoc|x64.Deploy.0 = Debug|Any CPU
		{78D32744-823F-4AD8-B26C-8032780FFA94}.Ad-Hoc|x86.ActiveCfg = Debug|Any CPU
		{78D32744-823F-4AD8-B26C-8032780FFA94}.Ad-Hoc|x86.Build.0 = Debug|Any CPU
		{78D32744-823F-4AD8-B26C-8032780FFA94}.Ad-Hoc|x86.Deploy.0 = Debug|Any CPU
		{78D32744-823F-4AD8-B26C-8032780FFA94}.AppStore|Any CPU.ActiveCfg = Debug|Any CPU
		{78D32744-823F-4AD8-B26C-8032780FFA94}.AppStore|Any CPU.Build.0 = Debug|Any CPU
		{78D32744-823F-4AD8-B26C-8032780FFA94}.AppStore|Any CPU.Deploy.0 = Debug|Any CPU
		{78D32744-823F-4AD8-B26C-8032780FFA94}.AppStore|ARM.ActiveCfg = Debug|Any CPU
		{78D32744-823F-4AD8-B26C-8032780FFA94}.AppStore|ARM.Build.0 = Debug|Any CPU
		{78D32744-823F-4AD8-B26C-8032780FFA94}.AppStore|ARM.Deploy.0 = Debug|Any CPU
		{78D32744-823F-4AD8-B26C-8032780FFA94}.AppStore|iPhone.ActiveCfg = Debug|Any CPU
		{78D32744-823F-4AD8-B26C-8032780FFA94}.AppStore|iPhone.Build.0 = Debug|Any CPU
		{78D32744-823F-4AD8-B26C-8032780FFA94}.AppStore|iPhone.Deploy.0 = Debug|Any CPU
		{78D32744-823F-4AD8-B26C-8032780FFA94}.AppStore|iPhoneSimulator.ActiveCfg = Debug|Any CPU
		{78D32744-823F-4AD8-B26C-8032780FFA94}.AppStore|iPhoneSimulator.Build.0 = Debug|Any CPU
		{78D32744-823F-4AD8-B26C-8032780FFA94}.AppStore|iPhoneSimulator.Deploy.0 = Debug|Any CPU
		{78D32744-823F-4AD8-B26C-8032780FFA94}.AppStore|x64.ActiveCfg = Debug|Any CPU
		{78D32744-823F-4AD8-B26C-8032780FFA94}.AppStore|x64.Build.0 = Debug|Any CPU
		{78D32744-823F-4AD8-B26C-8032780FFA94}.AppStore|x64.Deploy.0 = Debug|Any CPU
		{78D32744-823F-4AD8-B26C-8032780FFA94}.AppStore|x86.ActiveCfg = Debug|Any CPU
		{78D32744-823F-4AD8-B26C-8032780FFA94}.AppStore|x86.Build.0 = Debug|Any CPU
		{78D32744-823F-4AD8-B26C-8032780FFA94}.AppStore|x86.Deploy.0 = Debug|Any CPU
		{78D32744-823F-4AD8-B26C-8032780FFA94}.Debug|Any CPU.ActiveCfg = Debug|Any CPU
		{78D32744-823F-4AD8-B26C-8032780FFA94}.Debug|Any CPU.Build.0 = Debug|Any CPU
		{78D32744-823F-4AD8-B26C-8032780FFA94}.Debug|Any CPU.Deploy.0 = Debug|Any CPU
		{78D32744-823F-4AD8-B26C-8032780FFA94}.Debug|ARM.ActiveCfg = Debug|Any CPU
		{78D32744-823F-4AD8-B26C-8032780FFA94}.Debug|ARM.Build.0 = Debug|Any CPU
		{78D32744-823F-4AD8-B26C-8032780FFA94}.Debug|ARM.Deploy.0 = Debug|Any CPU
		{78D32744-823F-4AD8-B26C-8032780FFA94}.Debug|iPhone.ActiveCfg = Debug|Any CPU
		{78D32744-823F-4AD8-B26C-8032780FFA94}.Debug|iPhone.Build.0 = Debug|Any CPU
		{78D32744-823F-4AD8-B26C-8032780FFA94}.Debug|iPhone.Deploy.0 = Debug|Any CPU
		{78D32744-823F-4AD8-B26C-8032780FFA94}.Debug|iPhoneSimulator.ActiveCfg = Debug|Any CPU
		{78D32744-823F-4AD8-B26C-8032780FFA94}.Debug|iPhoneSimulator.Build.0 = Debug|Any CPU
		{78D32744-823F-4AD8-B26C-8032780FFA94}.Debug|iPhoneSimulator.Deploy.0 = Debug|Any CPU
		{78D32744-823F-4AD8-B26C-8032780FFA94}.Debug|x64.ActiveCfg = Debug|Any CPU
		{78D32744-823F-4AD8-B26C-8032780FFA94}.Debug|x64.Build.0 = Debug|Any CPU
		{78D32744-823F-4AD8-B26C-8032780FFA94}.Debug|x64.Deploy.0 = Debug|Any CPU
		{78D32744-823F-4AD8-B26C-8032780FFA94}.Debug|x86.ActiveCfg = Debug|Any CPU
		{78D32744-823F-4AD8-B26C-8032780FFA94}.Debug|x86.Build.0 = Debug|Any CPU
		{78D32744-823F-4AD8-B26C-8032780FFA94}.Debug|x86.Deploy.0 = Debug|Any CPU
		{78D32744-823F-4AD8-B26C-8032780FFA94}.Release|Any CPU.ActiveCfg = Release|Any CPU
		{78D32744-823F-4AD8-B26C-8032780FFA94}.Release|Any CPU.Build.0 = Release|Any CPU
		{78D32744-823F-4AD8-B26C-8032780FFA94}.Release|Any CPU.Deploy.0 = Release|Any CPU
		{78D32744-823F-4AD8-B26C-8032780FFA94}.Release|ARM.ActiveCfg = Release|Any CPU
		{78D32744-823F-4AD8-B26C-8032780FFA94}.Release|ARM.Build.0 = Release|Any CPU
		{78D32744-823F-4AD8-B26C-8032780FFA94}.Release|ARM.Deploy.0 = Release|Any CPU
		{78D32744-823F-4AD8-B26C-8032780FFA94}.Release|iPhone.ActiveCfg = Release|Any CPU
		{78D32744-823F-4AD8-B26C-8032780FFA94}.Release|iPhone.Build.0 = Release|Any CPU
		{78D32744-823F-4AD8-B26C-8032780FFA94}.Release|iPhone.Deploy.0 = Release|Any CPU
		{78D32744-823F-4AD8-B26C-8032780FFA94}.Release|iPhoneSimulator.ActiveCfg = Release|Any CPU
		{78D32744-823F-4AD8-B26C-8032780FFA94}.Release|iPhoneSimulator.Build.0 = Release|Any CPU
		{78D32744-823F-4AD8-B26C-8032780FFA94}.Release|iPhoneSimulator.Deploy.0 = Release|Any CPU
		{78D32744-823F-4AD8-B26C-8032780FFA94}.Release|x64.ActiveCfg = Release|Any CPU
		{78D32744-823F-4AD8-B26C-8032780FFA94}.Release|x64.Build.0 = Release|Any CPU
		{78D32744-823F-4AD8-B26C-8032780FFA94}.Release|x64.Deploy.0 = Release|Any CPU
		{78D32744-823F-4AD8-B26C-8032780FFA94}.Release|x86.ActiveCfg = Release|Any CPU
		{78D32744-823F-4AD8-B26C-8032780FFA94}.Release|x86.Build.0 = Release|Any CPU
		{78D32744-823F-4AD8-B26C-8032780FFA94}.Release|x86.Deploy.0 = Release|Any CPU
		{0FCDB279-3CA4-4E07-8CE8-87BE0359D08A}.Ad-Hoc|Any CPU.ActiveCfg = Debug|Any CPU
		{0FCDB279-3CA4-4E07-8CE8-87BE0359D08A}.Ad-Hoc|Any CPU.Build.0 = Debug|Any CPU
		{0FCDB279-3CA4-4E07-8CE8-87BE0359D08A}.Ad-Hoc|ARM.ActiveCfg = Debug|Any CPU
		{0FCDB279-3CA4-4E07-8CE8-87BE0359D08A}.Ad-Hoc|ARM.Build.0 = Debug|Any CPU
		{0FCDB279-3CA4-4E07-8CE8-87BE0359D08A}.Ad-Hoc|iPhone.ActiveCfg = Debug|Any CPU
		{0FCDB279-3CA4-4E07-8CE8-87BE0359D08A}.Ad-Hoc|iPhone.Build.0 = Debug|Any CPU
		{0FCDB279-3CA4-4E07-8CE8-87BE0359D08A}.Ad-Hoc|iPhoneSimulator.ActiveCfg = Debug|Any CPU
		{0FCDB279-3CA4-4E07-8CE8-87BE0359D08A}.Ad-Hoc|iPhoneSimulator.Build.0 = Debug|Any CPU
		{0FCDB279-3CA4-4E07-8CE8-87BE0359D08A}.Ad-Hoc|x64.ActiveCfg = Debug|Any CPU
		{0FCDB279-3CA4-4E07-8CE8-87BE0359D08A}.Ad-Hoc|x64.Build.0 = Debug|Any CPU
		{0FCDB279-3CA4-4E07-8CE8-87BE0359D08A}.Ad-Hoc|x86.ActiveCfg = Debug|Any CPU
		{0FCDB279-3CA4-4E07-8CE8-87BE0359D08A}.Ad-Hoc|x86.Build.0 = Debug|Any CPU
		{0FCDB279-3CA4-4E07-8CE8-87BE0359D08A}.AppStore|Any CPU.ActiveCfg = Debug|Any CPU
		{0FCDB279-3CA4-4E07-8CE8-87BE0359D08A}.AppStore|Any CPU.Build.0 = Debug|Any CPU
		{0FCDB279-3CA4-4E07-8CE8-87BE0359D08A}.AppStore|ARM.ActiveCfg = Debug|Any CPU
		{0FCDB279-3CA4-4E07-8CE8-87BE0359D08A}.AppStore|ARM.Build.0 = Debug|Any CPU
		{0FCDB279-3CA4-4E07-8CE8-87BE0359D08A}.AppStore|iPhone.ActiveCfg = Debug|Any CPU
		{0FCDB279-3CA4-4E07-8CE8-87BE0359D08A}.AppStore|iPhone.Build.0 = Debug|Any CPU
		{0FCDB279-3CA4-4E07-8CE8-87BE0359D08A}.AppStore|iPhoneSimulator.ActiveCfg = Debug|Any CPU
		{0FCDB279-3CA4-4E07-8CE8-87BE0359D08A}.AppStore|iPhoneSimulator.Build.0 = Debug|Any CPU
		{0FCDB279-3CA4-4E07-8CE8-87BE0359D08A}.AppStore|x64.ActiveCfg = Debug|Any CPU
		{0FCDB279-3CA4-4E07-8CE8-87BE0359D08A}.AppStore|x64.Build.0 = Debug|Any CPU
		{0FCDB279-3CA4-4E07-8CE8-87BE0359D08A}.AppStore|x86.ActiveCfg = Debug|Any CPU
		{0FCDB279-3CA4-4E07-8CE8-87BE0359D08A}.AppStore|x86.Build.0 = Debug|Any CPU
		{0FCDB279-3CA4-4E07-8CE8-87BE0359D08A}.Debug|Any CPU.ActiveCfg = Debug|Any CPU
		{0FCDB279-3CA4-4E07-8CE8-87BE0359D08A}.Debug|Any CPU.Build.0 = Debug|Any CPU
		{0FCDB279-3CA4-4E07-8CE8-87BE0359D08A}.Debug|ARM.ActiveCfg = Debug|Any CPU
		{0FCDB279-3CA4-4E07-8CE8-87BE0359D08A}.Debug|ARM.Build.0 = Debug|Any CPU
		{0FCDB279-3CA4-4E07-8CE8-87BE0359D08A}.Debug|iPhone.ActiveCfg = Debug|Any CPU
		{0FCDB279-3CA4-4E07-8CE8-87BE0359D08A}.Debug|iPhone.Build.0 = Debug|Any CPU
		{0FCDB279-3CA4-4E07-8CE8-87BE0359D08A}.Debug|iPhoneSimulator.ActiveCfg = Debug|Any CPU
		{0FCDB279-3CA4-4E07-8CE8-87BE0359D08A}.Debug|iPhoneSimulator.Build.0 = Debug|Any CPU
		{0FCDB279-3CA4-4E07-8CE8-87BE0359D08A}.Debug|x64.ActiveCfg = Debug|Any CPU
		{0FCDB279-3CA4-4E07-8CE8-87BE0359D08A}.Debug|x64.Build.0 = Debug|Any CPU
		{0FCDB279-3CA4-4E07-8CE8-87BE0359D08A}.Debug|x86.ActiveCfg = Debug|Any CPU
		{0FCDB279-3CA4-4E07-8CE8-87BE0359D08A}.Debug|x86.Build.0 = Debug|Any CPU
		{0FCDB279-3CA4-4E07-8CE8-87BE0359D08A}.Release|Any CPU.ActiveCfg = Release|Any CPU
		{0FCDB279-3CA4-4E07-8CE8-87BE0359D08A}.Release|Any CPU.Build.0 = Release|Any CPU
		{0FCDB279-3CA4-4E07-8CE8-87BE0359D08A}.Release|ARM.ActiveCfg = Release|Any CPU
		{0FCDB279-3CA4-4E07-8CE8-87BE0359D08A}.Release|ARM.Build.0 = Release|Any CPU
		{0FCDB279-3CA4-4E07-8CE8-87BE0359D08A}.Release|iPhone.ActiveCfg = Release|Any CPU
		{0FCDB279-3CA4-4E07-8CE8-87BE0359D08A}.Release|iPhone.Build.0 = Release|Any CPU
		{0FCDB279-3CA4-4E07-8CE8-87BE0359D08A}.Release|iPhoneSimulator.ActiveCfg = Release|Any CPU
		{0FCDB279-3CA4-4E07-8CE8-87BE0359D08A}.Release|iPhoneSimulator.Build.0 = Release|Any CPU
		{0FCDB279-3CA4-4E07-8CE8-87BE0359D08A}.Release|x64.ActiveCfg = Release|Any CPU
		{0FCDB279-3CA4-4E07-8CE8-87BE0359D08A}.Release|x64.Build.0 = Release|Any CPU
		{0FCDB279-3CA4-4E07-8CE8-87BE0359D08A}.Release|x86.ActiveCfg = Release|Any CPU
		{0FCDB279-3CA4-4E07-8CE8-87BE0359D08A}.Release|x86.Build.0 = Release|Any CPU
	EndGlobalSection
	GlobalSection(SolutionProperties) = preSolution
		HideSolutionNode = FALSE
	EndGlobalSection
	GlobalSection(ExtensibilityGlobals) = postSolution
		SolutionGuid = {386AF7CD-CAA1-424C-AAAD-890EA8BD8380}
	EndGlobalSection
EndGlobal
